
Microsoft Visual Studio Solution File, Format Version 12.00
# Visual Studio 15
VisualStudioVersion = 15.0.28307.136
MinimumVisualStudioVersion = 10.0.40219.1
Project("{FAE04EC0-301F-11D3-BF4B-00C04F79EFBC}") = "ConsoleApp1", "ConsoleApp1\ConsoleApp1.csproj", "{EB50E893-9C5E-4AC7-9ED0-EDEFC6A63C41}"
EndProject
Project("{FAE04EC0-301F-11D3-BF4B-00C04F79EFBC}") = "active-directory-wpf-msgraph-v2", "C:\Users\bhanu\Downloads\Compressed\active-directory-dotnet-desktop-msgraph-v2-master\active-directory-wpf-msgraph-v2\active-directory-wpf-msgraph-v2.csproj", "{9A4269AF-7862-482C-A9FC-98D3542C4129}"
EndProject
Project("{FAE04EC0-301F-11D3-BF4B-00C04F79EFBC}") = "ExpenseMonitor", "ExpenseMonitor\ExpenseMonitor.csproj", "{7C1EC0CD-8998-4A1F-9790-3821E3E1E72B}"
EndProject
Global
	GlobalSection(SolutionConfigurationPlatforms) = preSolution
		Debug|Any CPU = Debug|Any CPU
		Release|Any CPU = Release|Any CPU
	EndGlobalSection
	GlobalSection(ProjectConfigurationPlatforms) = postSolution
		{EB50E893-9C5E-4AC7-9ED0-EDEFC6A63C41}.Debug|Any CPU.ActiveCfg = Debug|Any CPU
		{EB50E893-9C5E-4AC7-9ED0-EDEFC6A63C41}.Debug|Any CPU.Build.0 = Debug|Any CPU
		{EB50E893-9C5E-4AC7-9ED0-EDEFC6A63C41}.Release|Any CPU.ActiveCfg = Release|Any CPU
		{EB50E893-9C5E-4AC7-9ED0-EDEFC6A63C41}.Release|Any CPU.Build.0 = Release|Any CPU
		{9A4269AF-7862-482C-A9FC-98D3542C4129}.Debug|Any CPU.ActiveCfg = Debug|Any CPU
		{9A4269AF-7862-482C-A9FC-98D3542C4129}.Debug|Any CPU.Build.0 = Debug|Any CPU
		{9A4269AF-7862-482C-A9FC-98D3542C4129}.Release|Any CPU.ActiveCfg = Release|Any CPU
		{9A4269AF-7862-482C-A9FC-98D3542C4129}.Release|Any CPU.Build.0 = Release|Any CPU
		{7C1EC0CD-8998-4A1F-9790-3821E3E1E72B}.Debug|Any CPU.ActiveCfg = Debug|Any CPU
		{7C1EC0CD-8998-4A1F-9790-3821E3E1E72B}.Debug|Any CPU.Build.0 = Debug|Any CPU
		{7C1EC0CD-8998-4A1F-9790-3821E3E1E72B}.Release|Any CPU.ActiveCfg = Release|Any CPU
		{7C1EC0CD-8998-4A1F-9790-3821E3E1E72B}.Release|Any CPU.Build.0 = Release|Any CPU
	EndGlobalSection
	GlobalSection(SolutionProperties) = preSolution
		HideSolutionNode = FALSE
	EndGlobalSection
	GlobalSection(ExtensibilityGlobals) = postSolution
		SolutionGuid = {CAC212EE-FF30-4A88-9374-8E6842B0F59D}
	EndGlobalSection
EndGlobal
